# THIS IS AN AUTOGENERATED FILE. DO NOT EDIT THIS FILE DIRECTLY.
# yarn lockfile v1


"@babel/parser@^7.16.4":
  version "7.18.6"
  resolved "https://registry.npmmirror.com/@babel/parser/-/parser-7.18.6.tgz#845338edecad65ebffef058d3be851f1d28a63bc"
  integrity sha512-uQVSa9jJUe/G/304lXspfWVpKpK4euFLgGiMQFOCpM/bgcAdeoHwi/OQz23O9GK2osz26ZiXRRV9aV+Yl1O8tw==

"@babel/runtime-corejs3@^7.11.2":
  version "7.18.6"
  resolved "https://registry.npmmirror.com/@babel/runtime-corejs3/-/runtime-corejs3-7.18.6.tgz#6f02c5536911f4b445946a2179554b95c8838635"
  integrity sha512-cOu5wH2JFBgMjje+a+fz2JNIWU4GzYpl05oSob3UDvBEh6EuIn+TXFHMmBbhSb+k/4HMzgKCQfEEDArAWNF9Cw==
  dependencies:
    core-js-pure "^3.20.2"
    regenerator-runtime "^0.13.4"

"@babel/runtime@^7.11.2":
  version "7.18.6"
  resolved "https://registry.npmmirror.com/@babel/runtime/-/runtime-7.18.6.tgz#6a1ef59f838debd670421f8c7f2cbb8da9751580"
  integrity sha512-t9wi7/AW6XtKahAe20Yw0/mMljKq0B1r2fPdvaAdV/KPDZewFXdaaa6K7lxmZBZ8FBNpCiAT6iHPmd6QO9bKfQ==
  dependencies:
    regenerator-runtime "^0.13.4"

"@element-plus/icons@^0.0.11":
  version "0.0.11"
  resolved "https://registry.npmmirror.com/@element-plus/icons/-/icons-0.0.11.tgz#9b187c002774548b911850d17fa5fc2f9a515f57"
  integrity sha512-iKQXSxXu131Ai+I9Ymtcof9WId7kaXvB1+WRfAfpQCW7UiAMYgdNDqb/u0hgTo2Yq3MwC4MWJnNuTBEpG8r7+A==

"@intlify/core-base@9.1.10":
  version "9.1.10"
  resolved "https://registry.npmmirror.com/@intlify/core-base/-/core-base-9.1.10.tgz#cbd3099f375c789a1b974f3ea79b6efb8bb148fa"
  integrity sha512-So9CNUavB/IsZ+zBmk2Cv6McQp6vc2wbGi1S0XQmJ8Vz+UFcNn9MFXAe9gY67PreIHrbLsLxDD0cwo1qsxM1Nw==
  dependencies:
    "@intlify/devtools-if" "9.1.10"
    "@intlify/message-compiler" "9.1.10"
    "@intlify/message-resolver" "9.1.10"
    "@intlify/runtime" "9.1.10"
    "@intlify/shared" "9.1.10"
    "@intlify/vue-devtools" "9.1.10"

"@intlify/devtools-if@9.1.10":
  version "9.1.10"
  resolved "https://registry.npmmirror.com/@intlify/devtools-if/-/devtools-if-9.1.10.tgz#8704852a4fa547df43df71a16b1cc4b27e758aa3"
  integrity sha512-SHaKoYu6sog3+Q8js1y3oXLywuogbH1sKuc7NSYkN3GElvXSBaMoCzW+we0ZSFqj/6c7vTNLg9nQ6rxhKqYwnQ==
  dependencies:
    "@intlify/shared" "9.1.10"

"@intlify/message-compiler@9.1.10":
  version "9.1.10"
  resolved "https://registry.npmmirror.com/@intlify/message-compiler/-/message-compiler-9.1.10.tgz#271f5e1cb65f3cec4b1fb243e50615747613f4be"
  integrity sha512-+JiJpXff/XTb0EadYwdxOyRTB0hXNd4n1HaJ/a4yuV960uRmPXaklJsedW0LNdcptd/hYUZtCkI7Lc9J5C1gxg==
  dependencies:
    "@intlify/message-resolver" "9.1.10"
    "@intlify/shared" "9.1.10"
    source-map "0.6.1"

"@intlify/message-resolver@9.1.10":
  version "9.1.10"
  resolved "https://registry.npmmirror.com/@intlify/message-resolver/-/message-resolver-9.1.10.tgz#fb1dabdec2e29942df26f47e19444278a6e2f070"
  integrity sha512-5YixMG/M05m0cn9+gOzd4EZQTFRUu8RGhzxJbR1DWN21x/Z3bJ8QpDYj6hC4FwBj5uKsRfKpJQ3Xqg98KWoA+w==

"@intlify/runtime@9.1.10":
  version "9.1.10"
  resolved "https://registry.npmmirror.com/@intlify/runtime/-/runtime-9.1.10.tgz#70582a16810f68953d1cbf7183c8107a9137b580"
  integrity sha512-7QsuByNzpe3Gfmhwq6hzgXcMPpxz8Zxb/XFI6s9lQdPLPe5Lgw4U1ovRPZTOs6Y2hwitR3j/HD8BJNGWpJnOFA==
  dependencies:
    "@intlify/message-compiler" "9.1.10"
    "@intlify/message-resolver" "9.1.10"
    "@intlify/shared" "9.1.10"

"@intlify/shared@9.1.10":
  version "9.1.10"
  resolved "https://registry.npmmirror.com/@intlify/shared/-/shared-9.1.10.tgz#9e2527276b43ae3f354c4015eb04f855d9d7a707"
  integrity sha512-Om54xJeo1Vw+K1+wHYyXngE8cAbrxZHpWjYzMR9wCkqbhGtRV5VLhVc214Ze2YatPrWlS2WSMOWXR8JktX/IgA==

"@intlify/vue-devtools@9.1.10":
  version "9.1.10"
  resolved "https://registry.npmmirror.com/@intlify/vue-devtools/-/vue-devtools-9.1.10.tgz#c62535d86742bcd16593806a4fcae49f6fc8ae6d"
  integrity sha512-5l3qYARVbkWAkagLu1XbDUWRJSL8br1Dj60wgMaKB0+HswVsrR6LloYZTg7ozyvM621V6+zsmwzbQxbVQyrytQ==
  dependencies:
    "@intlify/message-resolver" "9.1.10"
    "@intlify/runtime" "9.1.10"
    "@intlify/shared" "9.1.10"

"@popperjs/core@^2.4.4":
  version "2.11.5"
  resolved "https://registry.npmmirror.com/@popperjs/core/-/core-2.11.5.tgz#db5a11bf66bdab39569719555b0f76e138d7bd64"
  integrity sha512-9X2obfABZuDVLCgPK9aX0a/x4jaOEweTTWE2+9sr0Qqqevj2Uv5XorvusThmc9XGYpS9yI+fhh8RTafBtGposw==

"@types/marked@^4.0.3":
  version "4.0.3"
  resolved "https://registry.npmmirror.com/@types/marked/-/marked-4.0.3.tgz#2098f4a77adaba9ce881c9e0b6baf29116e5acc4"
  integrity sha512-HnMWQkLJEf/PnxZIfbm0yGJRRZYYMhb++O9M36UCTA9z53uPvVoSlAwJr3XOpDEryb7Hwl1qAx/MV6YIW1RXxg==

"@vitejs/plugin-vue@^1.2.3":
  version "1.10.2"
  resolved "https://registry.npmmirror.com/@vitejs/plugin-vue/-/plugin-vue-1.10.2.tgz#d718479e2789d8a94b63e00f23f1898ba239253a"
  integrity sha512-/QJ0Z9qfhAFtKRY+r57ziY4BSbGUTGsPRMpB/Ron3QPwBZM4OZAZHdTa4a8PafCwU5DTatXG8TMDoP8z+oDqJw==

"@vue/compiler-core@3.2.37":
  version "3.2.37"
  resolved "https://registry.npmmirror.com/@vue/compiler-core/-/compiler-core-3.2.37.tgz#b3c42e04c0e0f2c496ff1784e543fbefe91e215a"
  integrity sha512-81KhEjo7YAOh0vQJoSmAD68wLfYqJvoiD4ulyedzF+OEk/bk6/hx3fTNVfuzugIIaTrOx4PGx6pAiBRe5e9Zmg==
  dependencies:
    "@babel/parser" "^7.16.4"
    "@vue/shared" "3.2.37"
    estree-walker "^2.0.2"
    source-map "^0.6.1"

"@vue/compiler-dom@3.2.37":
  version "3.2.37"
  resolved "https://registry.npmmirror.com/@vue/compiler-dom/-/compiler-dom-3.2.37.tgz#10d2427a789e7c707c872da9d678c82a0c6582b5"
  integrity sha512-yxJLH167fucHKxaqXpYk7x8z7mMEnXOw3G2q62FTkmsvNxu4FQSu5+3UMb+L7fjKa26DEzhrmCxAgFLLIzVfqQ==
  dependencies:
    "@vue/compiler-core" "3.2.37"
    "@vue/shared" "3.2.37"

"@vue/compiler-sfc@3.2.37", "@vue/compiler-sfc@^3.1.2":
  version "3.2.37"
  resolved "https://registry.npmmirror.com/@vue/compiler-sfc/-/compiler-sfc-3.2.37.tgz#3103af3da2f40286edcd85ea495dcb35bc7f5ff4"
  integrity sha512-+7i/2+9LYlpqDv+KTtWhOZH+pa8/HnX/905MdVmAcI/mPQOBwkHHIzrsEsucyOIZQYMkXUiTkmZq5am/NyXKkg==
  dependencies:
    "@babel/parser" "^7.16.4"
    "@vue/compiler-core" "3.2.37"
    "@vue/compiler-dom" "3.2.37"
    "@vue/compiler-ssr" "3.2.37"
    "@vue/reactivity-transform" "3.2.37"
    "@vue/shared" "3.2.37"
    estree-walker "^2.0.2"
    magic-string "^0.25.7"
    postcss "^8.1.10"
    source-map "^0.6.1"

"@vue/compiler-ssr@3.2.37":
  version "3.2.37"
  resolved "https://registry.npmmirror.com/@vue/compiler-ssr/-/compiler-ssr-3.2.37.tgz#4899d19f3a5fafd61524a9d1aee8eb0505313cff"
  integrity sha512-7mQJD7HdXxQjktmsWp/J67lThEIcxLemz1Vb5I6rYJHR5vI+lON3nPGOH3ubmbvYGt8xEUaAr1j7/tIFWiEOqw==
  dependencies:
    "@vue/compiler-dom" "3.2.37"
    "@vue/shared" "3.2.37"

"@vue/devtools-api@^6.0.0-beta.7", "@vue/devtools-api@^6.1.4":
  version "6.2.0"
  resolved "https://registry.npmmirror.com/@vue/devtools-api/-/devtools-api-6.2.0.tgz#e3dc98a0cce8e87292745e2d24c9ee8c274a023b"
  integrity sha512-pF1G4wky+hkifDiZSWn8xfuLOJI1ZXtuambpBEYaf7Xaf6zC/pM29rvAGpd3qaGXnr4BAXU1Pxz/VfvBGwexGA==

"@vue/reactivity-transform@3.2.37":
  version "3.2.37"
  resolved "https://registry.npmmirror.com/@vue/reactivity-transform/-/reactivity-transform-3.2.37.tgz#0caa47c4344df4ae59f5a05dde2a8758829f8eca"
  integrity sha512-IWopkKEb+8qpu/1eMKVeXrK0NLw9HicGviJzhJDEyfxTR9e1WtpnnbYkJWurX6WwoFP0sz10xQg8yL8lgskAZg==
  dependencies:
    "@babel/parser" "^7.16.4"
    "@vue/compiler-core" "3.2.37"
    "@vue/shared" "3.2.37"
    estree-walker "^2.0.2"
    magic-string "^0.25.7"

"@vue/reactivity@3.2.37":
  version "3.2.37"
  resolved "https://registry.npmmirror.com/@vue/reactivity/-/reactivity-3.2.37.tgz#5bc3847ac58828e2b78526e08219e0a1089f8848"
  integrity sha512-/7WRafBOshOc6m3F7plwzPeCu/RCVv9uMpOwa/5PiY1Zz+WLVRWiy0MYKwmg19KBdGtFWsmZ4cD+LOdVPcs52A==
  dependencies:
    "@vue/shared" "3.2.37"

"@vue/runtime-core@3.2.37":
  version "3.2.37"
  resolved "https://registry.npmmirror.com/@vue/runtime-core/-/runtime-core-3.2.37.tgz#7ba7c54bb56e5d70edfc2f05766e1ca8519966e3"
  integrity sha512-JPcd9kFyEdXLl/i0ClS7lwgcs0QpUAWj+SKX2ZC3ANKi1U4DOtiEr6cRqFXsPwY5u1L9fAjkinIdB8Rz3FoYNQ==
  dependencies:
    "@vue/reactivity" "3.2.37"
    "@vue/shared" "3.2.37"

"@vue/runtime-dom@3.2.37":
  version "3.2.37"
  resolved "https://registry.npmmirror.com/@vue/runtime-dom/-/runtime-dom-3.2.37.tgz#002bdc8228fa63949317756fb1e92cdd3f9f4bbd"
  integrity sha512-HimKdh9BepShW6YozwRKAYjYQWg9mQn63RGEiSswMbW+ssIht1MILYlVGkAGGQbkhSh31PCdoUcfiu4apXJoPw==
  dependencies:
    "@vue/runtime-core" "3.2.37"
    "@vue/shared" "3.2.37"
    csstype "^2.6.8"

"@vue/server-renderer@3.2.37":
  version "3.2.37"
  resolved "https://registry.npmmirror.com/@vue/server-renderer/-/server-renderer-3.2.37.tgz#840a29c8dcc29bddd9b5f5ffa22b95c0e72afdfc"
  integrity sha512-kLITEJvaYgZQ2h47hIzPh2K3jG8c1zCVbp/o/bzQOyvzaKiCquKS7AaioPI28GNxIsE/zSx+EwWYsNxDCX95MA==
  dependencies:
    "@vue/compiler-ssr" "3.2.37"
    "@vue/shared" "3.2.37"

"@vue/shared@3.2.37":
  version "3.2.37"
  resolved "https://registry.npmmirror.com/@vue/shared/-/shared-3.2.37.tgz#8e6adc3f2759af52f0e85863dfb0b711ecc5c702"
  integrity sha512-4rSJemR2NQIo9Klm1vabqWjD8rs/ZaJSzMxkMNeJS6lHiUjjUeYFbooN19NgFjztubEKh3WlZUeOLVdbbUWHsw==

async-validator@^3.4.0:
  version "3.5.2"
  resolved "https://registry.npmmirror.com/async-validator/-/async-validator-3.5.2.tgz#68e866a96824e8b2694ff7a831c1a25c44d5e500"
  integrity sha512-8eLCg00W9pIRZSB781UUX/H6Oskmm8xloZfr09lz5bikRpBVDlJ3hRVuxxP1SxcwsEYfJ4IU8Q19Y8/893r3rQ==

axios@^0.21.1:
  version "0.21.4"
  resolved "https://registry.npmmirror.com/axios/-/axios-0.21.4.tgz#c67b90dc0568e5c1cf2b0b858c43ba28e2eda575"
  integrity sha512-ut5vewkiu8jjGBdqpM44XxjuCjq9LAKeHVmoVfHVzy8eHgxxq8SbAVQNovDA8mVi05kP0Ea/n/UzcSHcTJQfNg==
  dependencies:
    follow-redirects "^1.14.0"

core-js-pure@^3.20.2:
  version "3.23.3"
  resolved "https://registry.npmmirror.com/core-js-pure/-/core-js-pure-3.23.3.tgz#bcd02d3d8ec68ad871ef50d5ccbb248ddb54f401"
  integrity sha512-XpoouuqIj4P+GWtdyV8ZO3/u4KftkeDVMfvp+308eGMhCrA3lVDSmAxO0c6GGOcmgVlaKDrgWVMo49h2ab/TDA==

cropperjs@^1.5.6:
  version "1.5.12"
  resolved "https://registry.npmmirror.com/cropperjs/-/cropperjs-1.5.12.tgz#d9c0db2bfb8c0d769d51739e8f916bbc44e10f50"
  integrity sha512-re7UdjE5UnwdrovyhNzZ6gathI4Rs3KGCBSc8HCIjUo5hO42CtzyblmWLj6QWVw7huHyDMfpKxhiO2II77nhDw==

csstype@^2.6.8:
  version "2.6.20"
  resolved "https://registry.npmmirror.com/csstype/-/csstype-2.6.20.tgz#9229c65ea0b260cf4d3d997cb06288e36a8d6dda"
  integrity sha512-/WwNkdXfckNgw6S5R125rrW8ez139lBHWouiBvX8dfMFtcn6V81REDqnH7+CRpRipfYlyU1CmOnOxrmGcFOjeA==

dayjs@1.x, dayjs@^1.11.3:
  version "1.11.3"
  resolved "https://registry.npmmirror.com/dayjs/-/dayjs-1.11.3.tgz#4754eb694a624057b9ad2224b67b15d552589258"
  integrity sha512-xxwlswWOlGhzgQ4TKzASQkUhqERI3egRNqgV4ScR8wlANA/A9tZ7miXa44vTTKEq5l7vWoL5G57bG3zA+Kow0A==

element-plus@^1.0.2-beta.52:
  version "1.0.2-beta.71"
  resolved "https://registry.npmmirror.com/element-plus/-/element-plus-1.0.2-beta.71.tgz#148f16d5a0a800549989f7869bbf4d656c652d36"
  integrity sha512-tlfbRORIav8gJcIpjZI5F6aJIVHIaDuGO6/vKu43lgYq4JS2JPNRTjvrSE2p4f5xLfaFNfOWjCS3sybXLfMg8g==
  dependencies:
    "@element-plus/icons" "^0.0.11"
    "@popperjs/core" "^2.4.4"
    async-validator "^3.4.0"
    dayjs "1.x"
    lodash "^4.17.20"
    mitt "^2.1.0"
    normalize-wheel "^1.0.1"
    resize-observer-polyfill "^1.5.1"

esbuild@^0.12.5:
  version "0.12.29"
  resolved "https://registry.npmmirror.com/esbuild/-/esbuild-0.12.29.tgz#be602db7c4dc78944a9dbde0d1ea19d36c1f882d"
  integrity sha512-w/XuoBCSwepyiZtIRsKsetiLDUVGPVw1E/R3VTFSecIy8UR7Cq3SOtwKHJMFoVqqVG36aGkzh4e8BvpO1Fdc7g==

estree-walker@^2.0.2:
  version "2.0.2"
  resolved "https://registry.npmmirror.com/estree-walker/-/estree-walker-2.0.2.tgz#52f010178c2a4c117a7757cfe942adb7d2da4cac"
  integrity sha512-Rfkk/Mp/DL7JVje3u18FxFujQlTNR2q6QfMSMB7AvCBx91NGj/ba3kCfza0f6dVDbw7YlRf/nDrn7pQrCCyQ/w==

follow-redirects@^1.14.0:
  version "1.15.1"
  resolved "https://registry.npmmirror.com/follow-redirects/-/follow-redirects-1.15.1.tgz#0ca6a452306c9b276e4d3127483e29575e207ad5"
  integrity sha512-yLAMQs+k0b2m7cVxpS1VKJVvoz7SS9Td1zss3XRwXj+ZDH00RJgnuLx7E44wx02kQLrdM3aOOy+FpzS7+8OizA==

fsevents@~2.3.1, fsevents@~2.3.2:
  version "2.3.2"
  resolved "https://registry.npmmirror.com/fsevents/-/fsevents-2.3.2.tgz#8a526f78b8fdf4623b709e0b975c52c24c02fd1a"
  integrity sha512-xiqMQR4xAeHTuB9uWm+fFRcIOgKBMiOBP+eXiyT7jsgVCq1bkVygt00oASowB7EdtpOHaaPgKt812P9ab+DDKA==

function-bind@^1.1.1:
  version "1.1.1"
  resolved "https://registry.npmmirror.com/function-bind/-/function-bind-1.1.1.tgz#a56899d3ea3c9bab874bb9773b7c5ede92f4895d"
  integrity sha512-yIovAzMX49sF8Yl58fSCWJ5svSLuaibPxXQJFLmBObTuCr0Mf1KiPopGM9NiFjiYBCbfaa2Fh6breQ6ANVTI0A==

has@^1.0.3:
  version "1.0.3"
  resolved "https://registry.npmmirror.com/has/-/has-1.0.3.tgz#722d7cbfc1f6aa8241f16dd814e011e1f41e8796"
  integrity sha512-f2dvO0VU6Oej7RkWJGrehjbzMAjFp5/VKPp5tTpWIV4JHHZK1/BxbFRtf/siA2SWTe09caDmVtYYzWEIbBS4zw==
  dependencies:
    function-bind "^1.1.1"

is-core-module@^2.9.0:
  version "2.9.0"
  resolved "https://registry.npmmirror.com/is-core-module/-/is-core-module-2.9.0.tgz#e1c34429cd51c6dd9e09e0799e396e27b19a9c69"
  integrity sha512-+5FPy5PnwmO3lvfMb0AsoPaBG+5KHUI0wYFXOtYPnVVVspTFUuMZNfNaNVRt3FZadstu2c8x23vykRW/NBoU6A==
  dependencies:
    has "^1.0.3"

lodash@^4.17.20:
  version "4.17.21"
  resolved "https://registry.npmmirror.com/lodash/-/lodash-4.17.21.tgz#679591c564c3bffaae8454cf0b3df370c3d6911c"
  integrity sha512-v2kDEe57lecTulaDIuNTPy3Ry4gLGJ6Z1O3vE1krgXZNrsQ+LFTGHVxVjcXPs17LhbZVGedAJv8XZ1tvj5FvSg==

magic-string@^0.25.7:
  version "0.25.9"
  resolved "https://registry.npmmirror.com/magic-string/-/magic-string-0.25.9.tgz#de7f9faf91ef8a1c91d02c2e5314c8277dbcdd1c"
  integrity sha512-RmF0AsMzgt25qzqqLc1+MbHmhdx0ojF2Fvs4XnOqz2ZOBXzzkEwc/dJQZCYHAn7v1jbVOjAZfK8msRn4BxO4VQ==
  dependencies:
    sourcemap-codec "^1.4.8"

md-editor-v3@^2.2.0:
  version "2.2.0"
  resolved "https://registry.npmmirror.com/md-editor-v3/-/md-editor-v3-2.2.0.tgz#5879f6c03447b3e146d3f77c2ef95261ca471743"
  integrity sha512-HedYbNnYSaF3Pc9xIccEP9di+vCYim7f3oy0RpuORU1nAcEP7G7h4RUjjbXPpOMkF0JS0T9Ghn8c1o3d/GS49Q==
  dependencies:
    "@types/marked" "^4.0.3"

mitt@^2.1.0:
  version "2.1.0"
  resolved "https://registry.npmmirror.com/mitt/-/mitt-2.1.0.tgz#f740577c23176c6205b121b2973514eade1b2230"
  integrity sha512-ILj2TpLiysu2wkBbWjAmww7TkZb65aiQO+DkVdUTBpBXq+MHYiETENkKFMtsJZX1Lf4pe4QOrTSjIfUwN5lRdg==

nanoid@^3.3.4:
  version "3.3.4"
  resolved "https://registry.npmmirror.com/nanoid/-/nanoid-3.3.4.tgz#730b67e3cd09e2deacf03c027c81c9d9dbc5e8ab"
  integrity sha512-MqBkQh/OHTS2egovRtLk45wEyNXwF+cokD+1YPf9u5VfJiRdAiRwB2froX5Co9Rh20xs4siNPm8naNotSD6RBw==

normalize-wheel@^1.0.1:
  version "1.0.1"
  resolved "https://registry.npmmirror.com/normalize-wheel/-/normalize-wheel-1.0.1.tgz#aec886affdb045070d856447df62ecf86146ec45"
  integrity sha512-1OnlAPZ3zgrk8B91HyRj+eVv+kS5u+Z0SCsak6Xil/kmgEia50ga7zfkumayonZrImffAxPU/5WcyGhzetHNPA==

path-parse@^1.0.7:
  version "1.0.7"
  resolved "https://registry.npmmirror.com/path-parse/-/path-parse-1.0.7.tgz#fbc114b60ca42b30d9daf5858e4bd68bbedb6735"
  integrity sha512-LDJzPVEEEPR+y48z93A0Ed0yXb8pAByGWo/k5YYdYgpY2/2EsOsksJrq7lOHxryrVOn1ejG6oAp8ahvOIQD8sw==

picocolors@^1.0.0:
  version "1.0.0"
  resolved "https://registry.npmmirror.com/picocolors/-/picocolors-1.0.0.tgz#cb5bdc74ff3f51892236eaf79d68bc44564ab81c"
  integrity sha512-1fygroTLlHu66zi26VoTDv8yRgm0Fccecssto+MhsZ0D/DGW2sm8E8AjW7NU5VVTRt5GxbeZ5qBuJr+HyLYkjQ==

pinia@^2.0.14:
  version "2.0.14"
  resolved "https://registry.npmmirror.com/pinia/-/pinia-2.0.14.tgz#0837898c20291ebac982bbfca95c8d3c6099925f"
  integrity sha512-0nPuZR4TetT/WcLN+feMSjWJku3SQU7dBbXC6uw+R6FLQJCsg+/0pzXyD82T1FmAYe0lsx+jnEDQ1BLgkRKlxA==
  dependencies:
    "@vue/devtools-api" "^6.1.4"
    vue-demi "*"

postcss@^8.1.10, postcss@^8.3.0:
  version "8.4.14"
  resolved "https://registry.npmmirror.com/postcss/-/postcss-8.4.14.tgz#ee9274d5622b4858c1007a74d76e42e56fd21caf"
  integrity sha512-E398TUmfAYFPBSdzgeieK2Y1+1cpdxJx8yXbK/m57nRhKSmk1GB2tO4lbLBtlkfPQTDKfe4Xqv1ASWPpayPEig==
  dependencies:
    nanoid "^3.3.4"
    picocolors "^1.0.0"
    source-map-js "^1.0.2"

regenerator-runtime@^0.13.4:
  version "0.13.9"
  resolved "https://registry.npmmirror.com/regenerator-runtime/-/regenerator-runtime-0.13.9.tgz#8925742a98ffd90814988d7566ad30ca3b263b52"
  integrity sha512-p3VT+cOEgxFsRRA9X4lkI1E+k2/CtnKtU4gcxyaCUreilL/vqI6CdZ3wxVUx3UOUg+gnUOQQcRI7BmSI656MYA==

resize-observer-polyfill@^1.5.1:
  version "1.5.1"
  resolved "https://registry.npmmirror.com/resize-observer-polyfill/-/resize-observer-polyfill-1.5.1.tgz#0e9020dd3d21024458d4ebd27e23e40269810464"
  integrity sha512-LwZrotdHOo12nQuZlHEmtuXdqGoOD0OhaxopaNFxWzInpEgaLWoVuAMbTzixuosCx2nEG58ngzW3vxdWoxIgdg==

resolve@^1.19.0:
  version "1.22.1"
  resolved "https://registry.npmmirror.com/resolve/-/resolve-1.22.1.tgz#27cb2ebb53f91abb49470a928bba7558066ac177"
  integrity sha512-nBpuuYuY5jFsli/JIs1oldw6fOQCBioohqWZg/2hiaOybXOft4lonv85uDOKXdf8rhyK159cxU5cDcK/NKk8zw==
  dependencies:
    is-core-module "^2.9.0"
    path-parse "^1.0.7"
    supports-preserve-symlinks-flag "^1.0.0"

rollup@^2.38.5:
  version "2.75.7"
  resolved "https://registry.npmmirror.com/rollup/-/rollup-2.75.7.tgz#221ff11887ae271e37dcc649ba32ce1590aaa0b9"
  integrity sha512-VSE1iy0eaAYNCxEXaleThdFXqZJ42qDBatAwrfnPlENEZ8erQ+0LYX4JXOLPceWfZpV1VtZwZ3dFCuOZiSyFtQ==
  optionalDependencies:
    fsevents "~2.3.2"

schart.js@^3.0.0:
  version "3.0.4"
  resolved "https://registry.npmmirror.com/schart.js/-/schart.js-3.0.4.tgz#3bfb3e1ebbc63b4f5ce84606ee03fe575355defc"
  integrity sha512-uylb2u9rrHX1jyAuSAJUQON8XTfyDKI9kWj1J3fUlCQCkLVZ4HG4+IiV8qm//Z71dqvLI78QZ/fCBw0reB22Zw==

source-map-js@^1.0.2:
  version "1.0.2"
  resolved "https://registry.npmmirror.com/source-map-js/-/source-map-js-1.0.2.tgz#adbc361d9c62df380125e7f161f71c826f1e490c"
  integrity sha512-R0XvVJ9WusLiqTCEiGCmICCMplcCkIwwR11mOSD9CR5u+IXYdiseeEuXCVAjS54zqwkLcPNnmU4OeJ6tUrWhDw==

source-map@0.6.1, source-map@^0.6.1:
  version "0.6.1"
  resolved "https://registry.npmmirror.com/source-map/-/source-map-0.6.1.tgz#74722af32e9614e9c287a8d0bbde48b5e2f1a263"
  integrity sha512-UjgapumWlbMhkBgzT7Ykc5YXUT46F0iKu8SGXq0bcwP5dz/h0Plj6enJqjz1Zbq2l5WaqYnrVbwWOWMyF3F47g==

sourcemap-codec@^1.4.8:
  version "1.4.8"
  resolved "https://registry.npmmirror.com/sourcemap-codec/-/sourcemap-codec-1.4.8.tgz#ea804bd94857402e6992d05a38ef1ae35a9ab4c4"
  integrity sha512-9NykojV5Uih4lgo5So5dtw+f0JgJX30KCNI8gwhz2J9A15wD0Ml6tjHKwf6fTSa6fAdVBdZeNOs9eJ71qCk8vA==

supports-preserve-symlinks-flag@^1.0.0:
  version "1.0.0"
  resolved "https://registry.npmmirror.com/supports-preserve-symlinks-flag/-/supports-preserve-symlinks-flag-1.0.0.tgz#6eda4bd344a3c94aea376d4cc31bc77311039e09"
  integrity sha512-ot0WnXS9fgdkgIcePe6RHNk1WA8+muPa6cSjeR3V8K27q9BB1rTE3R1p7Hv0z1ZyAc8s6Vvv8DIyWf681MAt0w==

tslib@^2.1.0:
  version "2.4.0"
  resolved "https://registry.npmmirror.com/tslib/-/tslib-2.4.0.tgz#7cecaa7f073ce680a05847aa77be941098f36dc3"
  integrity sha512-d6xOpEDfsi2CZVlPQzGeux8XMwLT9hssAsaPYExaQMuYskwb+x1x7J371tWlbBdWHroy99KnVB6qIkUbs5X3UQ==

vite@2.3.7:
  version "2.3.7"
  resolved "https://registry.npmmirror.com/vite/-/vite-2.3.7.tgz#3023892419367465e1af1739578f8663d04243b2"
  integrity sha512-Y0xRz11MPYu/EAvzN94+FsOZHbSvO6FUvHv127CyG7mV6oDoay2bw+g5y9wW3Blf8OY3chaz3nc/DcRe1IQ3Nw==
  dependencies:
    esbuild "^0.12.5"
    postcss "^8.3.0"
    resolve "^1.19.0"
    rollup "^2.38.5"
  optionalDependencies:
    fsevents "~2.3.1"

vue-cropperjs@^5.0.0:
  version "5.0.0"
  resolved "https://registry.npmmirror.com/vue-cropperjs/-/vue-cropperjs-5.0.0.tgz#7f8cbc460737af3831b4ded634c95905198e329e"
  integrity sha512-RhnC8O33uRZNkn74aiHZwNHnBJOXWlS4P6gsRI0lw4cZlWjKSCywZI9oSI9POlIPI6OYv30jvnHMXGch85tw7w==
  dependencies:
    cropperjs "^1.5.6"

vue-demi@*:
  version "0.13.1"
  resolved "https://registry.npmmirror.com/vue-demi/-/vue-demi-0.13.1.tgz#7604904c88be338418a10abbc94d5b8caa14cb8c"
  integrity sha512-xmkJ56koG3ptpLnpgmIzk9/4nFf4CqduSJbUM0OdPoU87NwRuZ6x49OLhjSa/fC15fV+5CbEnrxU4oyE022svg==

vue-i18n@^9.0.0:
  version "9.1.10"
  resolved "https://registry.npmmirror.com/vue-i18n/-/vue-i18n-9.1.10.tgz#7ad516b89ba28debb90fc4181c9a2faec9ad97f9"
  integrity sha512-jpr7gV5KPk4n+sSPdpZT8Qx3XzTcNDWffRlHV/cT2NUyEf+sEgTTmLvnBAibjOFJ0zsUyZlVTAWH5DDnYep+1g==
  dependencies:
    "@intlify/core-base" "9.1.10"
    "@intlify/shared" "9.1.10"
    "@intlify/vue-devtools" "9.1.10"
    "@vue/devtools-api" "^6.0.0-beta.7"

vue-router@^4.0.10:
  version "4.1.0"
  resolved "https://registry.npmmirror.com/vue-router/-/vue-router-4.1.0.tgz#3029bf815885954ec02330e5f6fa8a00a7e5f53c"
  integrity sha512-A+dYO0ZXLJFZ40ebW3XtqehCW0Wv2xNH4lFddOByDja4NtItEdyirrShTlvD3UA4xc5a5mG2RRI30BusYpOb9g==
  dependencies:
    "@vue/devtools-api" "^6.1.4"

vue-schart@^2.0.0:
  version "2.0.0"
  resolved "https://registry.npmmirror.com/vue-schart/-/vue-schart-2.0.0.tgz#744f26bbbf3c10bc5a584931e002335970810901"
  integrity sha512-qAu3e5wfMcq26wK1xeHExEWfGpnjfoN1R/9QXblNi+AsU/p52X7tTwhi+Fw7H/otfEufhEY2X7z7emaoF4QO+g==
  dependencies:
    schart.js "^3.0.0"

vue@^3.1.2:
  version "3.2.37"
  resolved "https://registry.npmmirror.com/vue/-/vue-3.2.37.tgz#da220ccb618d78579d25b06c7c21498ca4e5452e"
  integrity sha512-bOKEZxrm8Eh+fveCqS1/NkG/n6aMidsI6hahas7pa0w/l7jkbssJVsRhVDs07IdDq7h9KHswZOgItnwJAgtVtQ==
  dependencies:
    "@vue/compiler-dom" "3.2.37"
    "@vue/compiler-sfc" "3.2.37"
    "@vue/runtime-dom" "3.2.37"
    "@vue/server-renderer" "3.2.37"
    "@vue/shared" "3.2.37"

wangeditor@^4.7.4:
  version "4.7.15"
  resolved "https://registry.npmmirror.com/wangeditor/-/wangeditor-4.7.15.tgz#38c5e279a79d0428e4fd77ae5be46367e9c819e5"
  integrity sha512-aPTdREd8BxXVyJ5MI+LU83FQ7u1EPd341iXIorRNYSOvoimNoZ4nPg+yn3FGbB93/owEa6buLw8wdhYnMCJQLg==
  dependencies:
    "@babel/runtime" "^7.11.2"
    "@babel/runtime-corejs3" "^7.11.2"
    tslib "^2.1.0"
